// !$*UTF8*$!
{
	archiveVersion = 1;
	classes = {
	};
	objectVersion = 56;
	objects = {

/* Begin PBXBuildFile section */
		5B06FB962915631D00CB65A3 /* TaskListViewControllerTests.swift in Sources */ = {isa = PBXBuildFile; fileRef = 5B06FB952915631D00CB65A3 /* TaskListViewControllerTests.swift */; };
		5B06FB982915690900CB65A3 /* DataProvider.swift in Sources */ = {isa = PBXBuildFile; fileRef = 5B06FB972915690900CB65A3 /* DataProvider.swift */; };
		5B0C31AC2902ED1600B3E692 /* TaskManager.swift in Sources */ = {isa = PBXBuildFile; fileRef = 5B0C31AB2902ED1600B3E692 /* TaskManager.swift */; };
		5B0C31AE2902ED6900B3E692 /* TaskManagerTests.swift in Sources */ = {isa = PBXBuildFile; fileRef = 5B0C31AD2902ED6900B3E692 /* TaskManagerTests.swift */; };
		5B684C1629013816008A2A6C /* AppDelegate.swift in Sources */ = {isa = PBXBuildFile; fileRef = 5B684C1529013816008A2A6C /* AppDelegate.swift */; };
		5B684C1829013816008A2A6C /* SceneDelegate.swift in Sources */ = {isa = PBXBuildFile; fileRef = 5B684C1729013816008A2A6C /* SceneDelegate.swift */; };
		5B684C1A29013816008A2A6C /* TaskListViewController.swift in Sources */ = {isa = PBXBuildFile; fileRef = 5B684C1929013816008A2A6C /* TaskListViewController.swift */; };
		5B684C1D29013816008A2A6C /* Main.storyboard in Resources */ = {isa = PBXBuildFile; fileRef = 5B684C1B29013816008A2A6C /* Main.storyboard */; };
		5B684C1F29013817008A2A6C /* Assets.xcassets in Resources */ = {isa = PBXBuildFile; fileRef = 5B684C1E29013817008A2A6C /* Assets.xcassets */; };
		5B684C2229013817008A2A6C /* LaunchScreen.storyboard in Resources */ = {isa = PBXBuildFile; fileRef = 5B684C2029013817008A2A6C /* LaunchScreen.storyboard */; };
		5B684C302901386E008A2A6C /* ToDoApp_Unit_tests_Tests.swift in Sources */ = {isa = PBXBuildFile; fileRef = 5B684C2F2901386E008A2A6C /* ToDoApp_Unit_tests_Tests.swift */; };
		5B684C3D2901388D008A2A6C /* ToDoApp_Unit_tests_UITests.swift in Sources */ = {isa = PBXBuildFile; fileRef = 5B684C3C2901388D008A2A6C /* ToDoApp_Unit_tests_UITests.swift */; };
		5B684C3F2901388D008A2A6C /* ToDoApp_Unit_tests_UITestsLaunchTests.swift in Sources */ = {isa = PBXBuildFile; fileRef = 5B684C3E2901388D008A2A6C /* ToDoApp_Unit_tests_UITestsLaunchTests.swift */; };
		5B684C4A29013B72008A2A6C /* TaskTests.swift in Sources */ = {isa = PBXBuildFile; fileRef = 5B684C4929013B72008A2A6C /* TaskTests.swift */; };
		5B684C4D29013D20008A2A6C /* Task.swift in Sources */ = {isa = PBXBuildFile; fileRef = 5B684C4C29013D20008A2A6C /* Task.swift */; };
		5B684C4F290142AC008A2A6C /* Location.swift in Sources */ = {isa = PBXBuildFile; fileRef = 5B684C4E290142AC008A2A6C /* Location.swift */; };
		5B684C5129014499008A2A6C /* LocationTests.swift in Sources */ = {isa = PBXBuildFile; fileRef = 5B684C5029014499008A2A6C /* LocationTests.swift */; };
/* End PBXBuildFile section */

/* Begin PBXContainerItemProxy section */
		5B684C312901386E008A2A6C /* PBXContainerItemProxy */ = {
			isa = PBXContainerItemProxy;
			containerPortal = 5B684C0A29013816008A2A6C /* Project object */;
			proxyType = 1;
			remoteGlobalIDString = 5B684C1129013816008A2A6C;
			remoteInfo = "ToDoApp(Unit tests)";
		};
		5B684C402901388D008A2A6C /* PBXContainerItemProxy */ = {
			isa = PBXContainerItemProxy;
			containerPortal = 5B684C0A29013816008A2A6C /* Project object */;
			proxyType = 1;
			remoteGlobalIDString = 5B684C1129013816008A2A6C;
			remoteInfo = "ToDoApp(Unit tests)";
		};
/* End PBXContainerItemProxy section */

/* Begin PBXFileReference section */
		5B06FB952915631D00CB65A3 /* TaskListViewControllerTests.swift */ = {isa = PBXFileReference; lastKnownFileType = sourcecode.swift; path = TaskListViewControllerTests.swift; sourceTree = "<group>"; };
		5B06FB972915690900CB65A3 /* DataProvider.swift */ = {isa = PBXFileReference; lastKnownFileType = sourcecode.swift; path = DataProvider.swift; sourceTree = "<group>"; };
		5B0C31AB2902ED1600B3E692 /* TaskManager.swift */ = {isa = PBXFileReference; lastKnownFileType = sourcecode.swift; path = TaskManager.swift; sourceTree = "<group>"; };
		5B0C31AD2902ED6900B3E692 /* TaskManagerTests.swift */ = {isa = PBXFileReference; lastKnownFileType = sourcecode.swift; path = TaskManagerTests.swift; sourceTree = "<group>"; };
		5B684C1229013816008A2A6C /* ToDoApp(Unit tests).app */ = {isa = PBXFileReference; explicitFileType = wrapper.application; includeInIndex = 0; path = "ToDoApp(Unit tests).app"; sourceTree = BUILT_PRODUCTS_DIR; };
		5B684C1529013816008A2A6C /* AppDelegate.swift */ = {isa = PBXFileReference; lastKnownFileType = sourcecode.swift; path = AppDelegate.swift; sourceTree = "<group>"; };
		5B684C1729013816008A2A6C /* SceneDelegate.swift */ = {isa = PBXFileReference; lastKnownFileType = sourcecode.swift; path = SceneDelegate.swift; sourceTree = "<group>"; };
		5B684C1929013816008A2A6C /* TaskListViewController.swift */ = {isa = PBXFileReference; lastKnownFileType = sourcecode.swift; path = TaskListViewController.swift; sourceTree = "<group>"; };
		5B684C1C29013816008A2A6C /* Base */ = {isa = PBXFileReference; lastKnownFileType = file.storyboard; name = Base; path = Base.lproj/Main.storyboard; sourceTree = "<group>"; };
		5B684C1E29013817008A2A6C /* Assets.xcassets */ = {isa = PBXFileReference; lastKnownFileType = folder.assetcatalog; path = Assets.xcassets; sourceTree = "<group>"; };
		5B684C2129013817008A2A6C /* Base */ = {isa = PBXFileReference; lastKnownFileType = file.storyboard; name = Base; path = Base.lproj/LaunchScreen.storyboard; sourceTree = "<group>"; };
		5B684C2329013817008A2A6C /* Info.plist */ = {isa = PBXFileReference; lastKnownFileType = text.plist.xml; path = Info.plist; sourceTree = "<group>"; };
		5B684C2D2901386E008A2A6C /* ToDoApp(Unit tests)Tests.xctest */ = {isa = PBXFileReference; explicitFileType = wrapper.cfbundle; includeInIndex = 0; path = "ToDoApp(Unit tests)Tests.xctest"; sourceTree = BUILT_PRODUCTS_DIR; };
		5B684C2F2901386E008A2A6C /* ToDoApp_Unit_tests_Tests.swift */ = {isa = PBXFileReference; lastKnownFileType = sourcecode.swift; path = ToDoApp_Unit_tests_Tests.swift; sourceTree = "<group>"; };
		5B684C3A2901388D008A2A6C /* ToDoApp(Unit tests)UITests.xctest */ = {isa = PBXFileReference; explicitFileType = wrapper.cfbundle; includeInIndex = 0; path = "ToDoApp(Unit tests)UITests.xctest"; sourceTree = BUILT_PRODUCTS_DIR; };
		5B684C3C2901388D008A2A6C /* ToDoApp_Unit_tests_UITests.swift */ = {isa = PBXFileReference; lastKnownFileType = sourcecode.swift; path = ToDoApp_Unit_tests_UITests.swift; sourceTree = "<group>"; };
		5B684C3E2901388D008A2A6C /* ToDoApp_Unit_tests_UITestsLaunchTests.swift */ = {isa = PBXFileReference; lastKnownFileType = sourcecode.swift; path = ToDoApp_Unit_tests_UITestsLaunchTests.swift; sourceTree = "<group>"; };
		5B684C4929013B72008A2A6C /* TaskTests.swift */ = {isa = PBXFileReference; lastKnownFileType = sourcecode.swift; path = TaskTests.swift; sourceTree = "<group>"; };
		5B684C4C29013D20008A2A6C /* Task.swift */ = {isa = PBXFileReference; lastKnownFileType = sourcecode.swift; path = Task.swift; sourceTree = "<group>"; };
		5B684C4E290142AC008A2A6C /* Location.swift */ = {isa = PBXFileReference; lastKnownFileType = sourcecode.swift; path = Location.swift; sourceTree = "<group>"; };
		5B684C5029014499008A2A6C /* LocationTests.swift */ = {isa = PBXFileReference; lastKnownFileType = sourcecode.swift; path = LocationTests.swift; sourceTree = "<group>"; };
/* End PBXFileReference section */

/* Begin PBXFrameworksBuildPhase section */
		5B684C0F29013816008A2A6C /* Frameworks */ = {
			isa = PBXFrameworksBuildPhase;
			buildActionMask = 2147483647;
			files = (
			);
			runOnlyForDeploymentPostprocessing = 0;
		};
		5B684C2A2901386E008A2A6C /* Frameworks */ = {
			isa = PBXFrameworksBuildPhase;
			buildActionMask = 2147483647;
			files = (
			);
			runOnlyForDeploymentPostprocessing = 0;
		};
		5B684C372901388D008A2A6C /* Frameworks */ = {
			isa = PBXFrameworksBuildPhase;
			buildActionMask = 2147483647;
			files = (
			);
			runOnlyForDeploymentPostprocessing = 0;
		};
/* End PBXFrameworksBuildPhase section */

/* Begin PBXGroup section */
		5B06FB94291562E900CB65A3 /* Controller */ = {
			isa = PBXGroup;
			children = (
				5B06FB952915631D00CB65A3 /* TaskListViewControllerTests.swift */,
			);
			path = Controller;
			sourceTree = "<group>";
		};
		5B0C31A92902EC9F00B3E692 /* Manager */ = {
			isa = PBXGroup;
			children = (
				5B0C31AD2902ED6900B3E692 /* TaskManagerTests.swift */,
			);
			path = Manager;
			sourceTree = "<group>";
		};
		5B0C31AA2902ED0600B3E692 /* Manager */ = {
			isa = PBXGroup;
			children = (
				5B0C31AB2902ED1600B3E692 /* TaskManager.swift */,
			);
			path = Manager;
			sourceTree = "<group>";
		};
		5B684C0929013816008A2A6C = {
			isa = PBXGroup;
			children = (
				5B684C1429013816008A2A6C /* ToDoApp(Unit tests) */,
				5B684C2E2901386E008A2A6C /* ToDoApp(Unit tests)Tests */,
				5B684C3B2901388D008A2A6C /* ToDoApp(Unit tests)UITests */,
				5B684C1329013816008A2A6C /* Products */,
			);
			sourceTree = "<group>";
		};
		5B684C1329013816008A2A6C /* Products */ = {
			isa = PBXGroup;
			children = (
				5B684C1229013816008A2A6C /* ToDoApp(Unit tests).app */,
				5B684C2D2901386E008A2A6C /* ToDoApp(Unit tests)Tests.xctest */,
				5B684C3A2901388D008A2A6C /* ToDoApp(Unit tests)UITests.xctest */,
			);
			name = Products;
			sourceTree = "<group>";
		};
		5B684C1429013816008A2A6C /* ToDoApp(Unit tests) */ = {
			isa = PBXGroup;
			children = (
				5B0C31AA2902ED0600B3E692 /* Manager */,
				5B684C4729013917008A2A6C /* Controller */,
				5B684C45290138F3008A2A6C /* Model */,
				5B684C46290138F8008A2A6C /* View */,
				5B684C4829013950008A2A6C /* Supporting files */,
			);
			path = "ToDoApp(Unit tests)";
			sourceTree = "<group>";
		};
		5B684C2E2901386E008A2A6C /* ToDoApp(Unit tests)Tests */ = {
			isa = PBXGroup;
			children = (
				5B06FB94291562E900CB65A3 /* Controller */,
				5B684C2F2901386E008A2A6C /* ToDoApp_Unit_tests_Tests.swift */,
				5B684C4B29013C53008A2A6C /* Model */,
			);
			path = "ToDoApp(Unit tests)Tests";
			sourceTree = "<group>";
		};
		5B684C3B2901388D008A2A6C /* ToDoApp(Unit tests)UITests */ = {
			isa = PBXGroup;
			children = (
				5B684C3C2901388D008A2A6C /* ToDoApp_Unit_tests_UITests.swift */,
				5B684C3E2901388D008A2A6C /* ToDoApp_Unit_tests_UITestsLaunchTests.swift */,
			);
			path = "ToDoApp(Unit tests)UITests";
			sourceTree = "<group>";
		};
		5B684C45290138F3008A2A6C /* Model */ = {
			isa = PBXGroup;
			children = (
				5B684C4C29013D20008A2A6C /* Task.swift */,
				5B684C4E290142AC008A2A6C /* Location.swift */,
			);
			path = Model;
			sourceTree = "<group>";
		};
		5B684C46290138F8008A2A6C /* View */ = {
			isa = PBXGroup;
			children = (
			);
			path = View;
			sourceTree = "<group>";
		};
		5B684C4729013917008A2A6C /* Controller */ = {
			isa = PBXGroup;
			children = (
				5B684C1929013816008A2A6C /* TaskListViewController.swift */,
				5B06FB972915690900CB65A3 /* DataProvider.swift */,
			);
			path = Controller;
			sourceTree = "<group>";
		};
		5B684C4829013950008A2A6C /* Supporting files */ = {
			isa = PBXGroup;
			children = (
				5B684C1529013816008A2A6C /* AppDelegate.swift */,
				5B684C1729013816008A2A6C /* SceneDelegate.swift */,
				5B684C1B29013816008A2A6C /* Main.storyboard */,
				5B684C1E29013817008A2A6C /* Assets.xcassets */,
				5B684C2029013817008A2A6C /* LaunchScreen.storyboard */,
				5B684C2329013817008A2A6C /* Info.plist */,
			);
			path = "Supporting files";
			sourceTree = "<group>";
		};
		5B684C4B29013C53008A2A6C /* Model */ = {
			isa = PBXGroup;
			children = (
				5B0C31A92902EC9F00B3E692 /* Manager */,
				5B684C4929013B72008A2A6C /* TaskTests.swift */,
				5B684C5029014499008A2A6C /* LocationTests.swift */,
			);
			path = Model;
			sourceTree = "<group>";
		};
/* End PBXGroup section */

/* Begin PBXNativeTarget section */
		5B684C1129013816008A2A6C /* ToDoApp(Unit tests) */ = {
			isa = PBXNativeTarget;
			buildConfigurationList = 5B684C2629013817008A2A6C /* Build configuration list for PBXNativeTarget "ToDoApp(Unit tests)" */;
			buildPhases = (
				5B684C0E29013816008A2A6C /* Sources */,
				5B684C0F29013816008A2A6C /* Frameworks */,
				5B684C1029013816008A2A6C /* Resources */,
			);
			buildRules = (
			);
			dependencies = (
			);
			name = "ToDoApp(Unit tests)";
			productName = "ToDoApp(Unit tests)";
			productReference = 5B684C1229013816008A2A6C /* ToDoApp(Unit tests).app */;
			productType = "com.apple.product-type.application";
		};
		5B684C2C2901386E008A2A6C /* ToDoApp(Unit tests)Tests */ = {
			isa = PBXNativeTarget;
			buildConfigurationList = 5B684C332901386E008A2A6C /* Build configuration list for PBXNativeTarget "ToDoApp(Unit tests)Tests" */;
			buildPhases = (
				5B684C292901386E008A2A6C /* Sources */,
				5B684C2A2901386E008A2A6C /* Frameworks */,
				5B684C2B2901386E008A2A6C /* Resources */,
			);
			buildRules = (
			);
			dependencies = (
				5B684C322901386E008A2A6C /* PBXTargetDependency */,
			);
			name = "ToDoApp(Unit tests)Tests";
			productName = "ToDoApp(Unit tests)Tests";
			productReference = 5B684C2D2901386E008A2A6C /* ToDoApp(Unit tests)Tests.xctest */;
			productType = "com.apple.product-type.bundle.unit-test";
		};
		5B684C392901388D008A2A6C /* ToDoApp(Unit tests)UITests */ = {
			isa = PBXNativeTarget;
			buildConfigurationList = 5B684C422901388D008A2A6C /* Build configuration list for PBXNativeTarget "ToDoApp(Unit tests)UITests" */;
			buildPhases = (
				5B684C362901388D008A2A6C /* Sources */,
				5B684C372901388D008A2A6C /* Frameworks */,
				5B684C382901388D008A2A6C /* Resources */,
			);
			buildRules = (
			);
			dependencies = (
				5B684C412901388D008A2A6C /* PBXTargetDependency */,
			);
			name = "ToDoApp(Unit tests)UITests";
			productName = "ToDoApp(Unit tests)UITests";
			productReference = 5B684C3A2901388D008A2A6C /* ToDoApp(Unit tests)UITests.xctest */;
			productType = "com.apple.product-type.bundle.ui-testing";
		};
/* End PBXNativeTarget section */

/* Begin PBXProject section */
		5B684C0A29013816008A2A6C /* Project object */ = {
			isa = PBXProject;
			attributes = {
				BuildIndependentTargetsInParallel = 1;
				LastSwiftUpdateCheck = 1400;
				LastUpgradeCheck = 1400;
				TargetAttributes = {
					5B684C1129013816008A2A6C = {
						CreatedOnToolsVersion = 14.0.1;
					};
					5B684C2C2901386E008A2A6C = {
						CreatedOnToolsVersion = 14.0.1;
						TestTargetID = 5B684C1129013816008A2A6C;
					};
					5B684C392901388D008A2A6C = {
						CreatedOnToolsVersion = 14.0.1;
						TestTargetID = 5B684C1129013816008A2A6C;
					};
				};
			};
			buildConfigurationList = 5B684C0D29013816008A2A6C /* Build configuration list for PBXProject "ToDoApp(Unit tests)" */;
			compatibilityVersion = "Xcode 14.0";
			developmentRegion = en;
			hasScannedForEncodings = 0;
			knownRegions = (
				en,
				Base,
			);
			mainGroup = 5B684C0929013816008A2A6C;
			productRefGroup = 5B684C1329013816008A2A6C /* Products */;
			projectDirPath = "";
			projectRoot = "";
			targets = (
				5B684C1129013816008A2A6C /* ToDoApp(Unit tests) */,
				5B684C2C2901386E008A2A6C /* ToDoApp(Unit tests)Tests */,
				5B684C392901388D008A2A6C /* ToDoApp(Unit tests)UITests */,
			);
		};
/* End PBXProject section */

/* Begin PBXResourcesBuildPhase section */
		5B684C1029013816008A2A6C /* Resources */ = {
			isa = PBXResourcesBuildPhase;
			buildActionMask = 2147483647;
			files = (
				5B684C2229013817008A2A6C /* LaunchScreen.storyboard in Resources */,
				5B684C1F29013817008A2A6C /* Assets.xcassets in Resources */,
				5B684C1D29013816008A2A6C /* Main.storyboard in Resources */,
			);
			runOnlyForDeploymentPostprocessing = 0;
		};
		5B684C2B2901386E008A2A6C /* Resources */ = {
			isa = PBXResourcesBuildPhase;
			buildActionMask = 2147483647;
			files = (
			);
			runOnlyForDeploymentPostprocessing = 0;
		};
		5B684C382901388D008A2A6C /* Resources */ = {
			isa = PBXResourcesBuildPhase;
			buildActionMask = 2147483647;
			files = (
			);
			runOnlyForDeploymentPostprocessing = 0;
		};
/* End PBXResourcesBuildPhase section */

/* Begin PBXSourcesBuildPhase section */
		5B684C0E29013816008A2A6C /* Sources */ = {
			isa = PBXSourcesBuildPhase;
			buildActionMask = 2147483647;
			files = (
				5B0C31AC2902ED1600B3E692 /* TaskManager.swift in Sources */,
				5B684C4D29013D20008A2A6C /* Task.swift in Sources */,
				5B684C1A29013816008A2A6C /* TaskListViewController.swift in Sources */,
				5B06FB982915690900CB65A3 /* DataProvider.swift in Sources */,
				5B684C4F290142AC008A2A6C /* Location.swift in Sources */,
				5B684C1629013816008A2A6C /* AppDelegate.swift in Sources */,
				5B684C1829013816008A2A6C /* SceneDelegate.swift in Sources */,
			);
			runOnlyForDeploymentPostprocessing = 0;
		};
		5B684C292901386E008A2A6C /* Sources */ = {
			isa = PBXSourcesBuildPhase;
			buildActionMask = 2147483647;
			files = (
				5B684C4A29013B72008A2A6C /* TaskTests.swift in Sources */,
				5B684C5129014499008A2A6C /* LocationTests.swift in Sources */,
				5B0C31AE2902ED6900B3E692 /* TaskManagerTests.swift in Sources */,
				5B06FB962915631D00CB65A3 /* TaskListViewControllerTests.swift in Sources */,
				5B684C302901386E008A2A6C /* ToDoApp_Unit_tests_Tests.swift in Sources */,
			);
			runOnlyForDeploymentPostprocessing = 0;
		};
		5B684C362901388D008A2A6C /* Sources */ = {
			isa = PBXSourcesBuildPhase;
			buildActionMask = 2147483647;
			files = (
				5B684C3F2901388D008A2A6C /* ToDoApp_Unit_tests_UITestsLaunchTests.swift in Sources */,
				5B684C3D2901388D008A2A6C /* ToDoApp_Unit_tests_UITests.swift in Sources */,
			);
			runOnlyForDeploymentPostprocessing = 0;
		};
/* End PBXSourcesBuildPhase section */

/* Begin PBXTargetDependency section */
		5B684C322901386E008A2A6C /* PBXTargetDependency */ = {
			isa = PBXTargetDependency;
			target = 5B684C1129013816008A2A6C /* ToDoApp(Unit tests) */;
			targetProxy = 5B684C312901386E008A2A6C /* PBXContainerItemProxy */;
		};
		5B684C412901388D008A2A6C /* PBXTargetDependency */ = {
			isa = PBXTargetDependency;
			target = 5B684C1129013816008A2A6C /* ToDoApp(Unit tests) */;
			targetProxy = 5B684C402901388D008A2A6C /* PBXContainerItemProxy */;
		};
/* End PBXTargetDependency section */

/* Begin PBXVariantGroup section */
		5B684C1B29013816008A2A6C /* Main.storyboard */ = {
			isa = PBXVariantGroup;
			children = (
				5B684C1C29013816008A2A6C /* Base */,
			);
			name = Main.storyboard;
			sourceTree = "<group>";
		};
		5B684C2029013817008A2A6C /* LaunchScreen.storyboard */ = {
			isa = PBXVariantGroup;
			children = (
				5B684C2129013817008A2A6C /* Base */,
			);
			name = LaunchScreen.storyboard;
			sourceTree = "<group>";
		};
/* End PBXVariantGroup section */

/* Begin XCBuildConfiguration section */
		5B684C2429013817008A2A6C /* Debug */ = {
			isa = XCBuildConfiguration;
			buildSettings = {
				ALWAYS_SEARCH_USER_PATHS = NO;
				CLANG_ANALYZER_NONNULL = YES;
				CLANG_ANALYZER_NUMBER_OBJECT_CONVERSION = YES_AGGRESSIVE;
				CLANG_CXX_LANGUAGE_STANDARD = "gnu++20";
				CLANG_ENABLE_MODULES = YES;
				CLANG_ENABLE_OBJC_ARC = YES;
				CLANG_ENABLE_OBJC_WEAK = YES;
				CLANG_WARN_BLOCK_CAPTURE_AUTORELEASING = YES;
				CLANG_WARN_BOOL_CONVERSION = YES;
				CLANG_WARN_COMMA = YES;
				CLANG_WARN_CONSTANT_CONVERSION = YES;
				CLANG_WARN_DEPRECATED_OBJC_IMPLEMENTATIONS = YES;
				CLANG_WARN_DIRECT_OBJC_ISA_USAGE = YES_ERROR;
				CLANG_WARN_DOCUMENTATION_COMMENTS = YES;
				CLANG_WARN_EMPTY_BODY = YES;
				CLANG_WARN_ENUM_CONVERSION = YES;
				CLANG_WARN_INFINITE_RECURSION = YES;
				CLANG_WARN_INT_CONVERSION = YES;
				CLANG_WARN_NON_LITERAL_NULL_CONVERSION = YES;
				CLANG_WARN_OBJC_IMPLICIT_RETAIN_SELF = YES;
				CLANG_WARN_OBJC_LITERAL_CONVERSION = YES;
				CLANG_WARN_OBJC_ROOT_CLASS = YES_ERROR;
				CLANG_WARN_QUOTED_INCLUDE_IN_FRAMEWORK_HEADER = YES;
				CLANG_WARN_RANGE_LOOP_ANALYSIS = YES;
				CLANG_WARN_STRICT_PROTOTYPES = YES;
				CLANG_WARN_SUSPICIOUS_MOVE = YES;
				CLANG_WARN_UNGUARDED_AVAILABILITY = YES_AGGRESSIVE;
				CLANG_WARN_UNREACHABLE_CODE = YES;
				CLANG_WARN__DUPLICATE_METHOD_MATCH = YES;
				COPY_PHASE_STRIP = NO;
				DEBUG_INFORMATION_FORMAT = dwarf;
				ENABLE_STRICT_OBJC_MSGSEND = YES;
				ENABLE_TESTABILITY = YES;
				GCC_C_LANGUAGE_STANDARD = gnu11;
				GCC_DYNAMIC_NO_PIC = NO;
				GCC_NO_COMMON_BLOCKS = YES;
				GCC_OPTIMIZATION_LEVEL = 0;
				GCC_PREPROCESSOR_DEFINITIONS = (
					"DEBUG=1",
					"$(inherited)",
				);
				GCC_WARN_64_TO_32_BIT_CONVERSION = YES;
				GCC_WARN_ABOUT_RETURN_TYPE = YES_ERROR;
				GCC_WARN_UNDECLARED_SELECTOR = YES;
				GCC_WARN_UNINITIALIZED_AUTOS = YES_AGGRESSIVE;
				GCC_WARN_UNUSED_FUNCTION = YES;
				GCC_WARN_UNUSED_VARIABLE = YES;
				IPHONEOS_DEPLOYMENT_TARGET = 16.0;
				MTL_ENABLE_DEBUG_INFO = INCLUDE_SOURCE;
				MTL_FAST_MATH = YES;
				ONLY_ACTIVE_ARCH = YES;
				SDKROOT = iphoneos;
				SWIFT_ACTIVE_COMPILATION_CONDITIONS = DEBUG;
				SWIFT_OPTIMIZATION_LEVEL = "-Onone";
			};
			name = Debug;
		};
		5B684C2529013817008A2A6C /* Release */ = {
			isa = XCBuildConfiguration;
			buildSettings = {
				ALWAYS_SEARCH_USER_PATHS = NO;
				CLANG_ANALYZER_NONNULL = YES;
				CLANG_ANALYZER_NUMBER_OBJECT_CONVERSION = YES_AGGRESSIVE;
				CLANG_CXX_LANGUAGE_STANDARD = "gnu++20";
				CLANG_ENABLE_MODULES = YES;
				CLANG_ENABLE_OBJC_ARC = YES;
				CLANG_ENABLE_OBJC_WEAK = YES;
				CLANG_WARN_BLOCK_CAPTURE_AUTORELEASING = YES;
				CLANG_WARN_BOOL_CONVERSION = YES;
				CLANG_WARN_COMMA = YES;
				CLANG_WARN_CONSTANT_CONVERSION = YES;
				CLANG_WARN_DEPRECATED_OBJC_IMPLEMENTATIONS = YES;
				CLANG_WARN_DIRECT_OBJC_ISA_USAGE = YES_ERROR;
				CLANG_WARN_DOCUMENTATION_COMMENTS = YES;
				CLANG_WARN_EMPTY_BODY = YES;
				CLANG_WARN_ENUM_CONVERSION = YES;
				CLANG_WARN_INFINITE_RECURSION = YES;
				CLANG_WARN_INT_CONVERSION = YES;
				CLANG_WARN_NON_LITERAL_NULL_CONVERSION = YES;
				CLANG_WARN_OBJC_IMPLICIT_RETAIN_SELF = YES;
				CLANG_WARN_OBJC_LITERAL_CONVERSION = YES;
				CLANG_WARN_OBJC_ROOT_CLASS = YES_ERROR;
				CLANG_WARN_QUOTED_INCLUDE_IN_FRAMEWORK_HEADER = YES;
				CLANG_WARN_RANGE_LOOP_ANALYSIS = YES;
				CLANG_WARN_STRICT_PROTOTYPES = YES;
				CLANG_WARN_SUSPICIOUS_MOVE = YES;
				CLANG_WARN_UNGUARDED_AVAILABILITY = YES_AGGRESSIVE;
				CLANG_WARN_UNREACHABLE_CODE = YES;
				CLANG_WARN__DUPLICATE_METHOD_MATCH = YES;
				COPY_PHASE_STRIP = NO;
				DEBUG_INFORMATION_FORMAT = "dwarf-with-dsym";
				ENABLE_NS_ASSERTIONS = NO;
				ENABLE_STRICT_OBJC_MSGSEND = YES;
				GCC_C_LANGUAGE_STANDARD = gnu11;
				GCC_NO_COMMON_BLOCKS = YES;
				GCC_WARN_64_TO_32_BIT_CONVERSION = YES;
				GCC_WARN_ABOUT_RETURN_TYPE = YES_ERROR;
				GCC_WARN_UNDECLARED_SELECTOR = YES;
				GCC_WARN_UNINITIALIZED_AUTOS = YES_AGGRESSIVE;
				GCC_WARN_UNUSED_FUNCTION = YES;
				GCC_WARN_UNUSED_VARIABLE = YES;
				IPHONEOS_DEPLOYMENT_TARGET = 16.0;
				MTL_ENABLE_DEBUG_INFO = NO;
				MTL_FAST_MATH = YES;
				SDKROOT = iphoneos;
				SWIFT_COMPILATION_MODE = wholemodule;
				SWIFT_OPTIMIZATION_LEVEL = "-O";
				VALIDATE_PRODUCT = YES;
			};
			name = Release;
		};
		5B684C2729013817008A2A6C /* Debug */ = {
			isa = XCBuildConfiguration;
			buildSettings = {
				ASSETCATALOG_COMPILER_APPICON_NAME = AppIcon;
				ASSETCATALOG_COMPILER_GLOBAL_ACCENT_COLOR_NAME = AccentColor;
				CODE_SIGN_STYLE = Automatic;
				CURRENT_PROJECT_VERSION = 1;
				DEVELOPMENT_TEAM = KL9Y7R8H95;
				GENERATE_INFOPLIST_FILE = YES;
				INFOPLIST_FILE = "ToDoApp(Unit tests)/Supporting files/Info.plist";
				INFOPLIST_KEY_UIApplicationSupportsIndirectInputEvents = YES;
				INFOPLIST_KEY_UILaunchStoryboardName = LaunchScreen;
				INFOPLIST_KEY_UIMainStoryboardFile = Main;
				INFOPLIST_KEY_UISupportedInterfaceOrientations = UIInterfaceOrientationPortrait;
				INFOPLIST_KEY_UISupportedInterfaceOrientations_iPad = "UIInterfaceOrientationLandscapeLeft UIInterfaceOrientationLandscapeRight UIInterfaceOrientationPortrait UIInterfaceOrientationPortraitUpsideDown";
				IPHONEOS_DEPLOYMENT_TARGET = 13.0;
				LD_RUNPATH_SEARCH_PATHS = (
					"$(inherited)",
					"@executable_path/Frameworks",
				);
				MARKETING_VERSION = 1.0;
				PRODUCT_BUNDLE_IDENTIFIER = "Pusmall.ToDoApp-Unit-tests-";
				PRODUCT_NAME = "$(TARGET_NAME)";
				SUPPORTED_PLATFORMS = "iphoneos iphonesimulator";
				SUPPORTS_MACCATALYST = NO;
				SUPPORTS_MAC_DESIGNED_FOR_IPHONE_IPAD = NO;
				SWIFT_EMIT_LOC_STRINGS = YES;
				SWIFT_VERSION = 5.0;
				TARGETED_DEVICE_FAMILY = 1;
			};
			name = Debug;
		};
		5B684C2829013817008A2A6C /* Release */ = {
			isa = XCBuildConfiguration;
			buildSettings = {
				ASSETCATALOG_COMPILER_APPICON_NAME = AppIcon;
				ASSETCATALOG_COMPILER_GLOBAL_ACCENT_COLOR_NAME = AccentColor;
				CODE_SIGN_STYLE = Automatic;
				CURRENT_PROJECT_VERSION = 1;
				DEVELOPMENT_TEAM = KL9Y7R8H95;
				GENERATE_INFOPLIST_FILE = YES;
				INFOPLIST_FILE = "ToDoApp(Unit tests)/Supporting files/Info.plist";
				INFOPLIST_KEY_UIApplicationSupportsIndirectInputEvents = YES;
				INFOPLIST_KEY_UILaunchStoryboardName = LaunchScreen;
				INFOPLIST_KEY_UIMainStoryboardFile = Main;
				INFOPLIST_KEY_UISupportedInterfaceOrientations = UIInterfaceOrientationPortrait;
				INFOPLIST_KEY_UISupportedInterfaceOrientations_iPad = "UIInterfaceOrientationLandscapeLeft UIInterfaceOrientationLandscapeRight UIInterfaceOrientationPortrait UIInterfaceOrientationPortraitUpsideDown";
				IPHONEOS_DEPLOYMENT_TARGET = 13.0;
				LD_RUNPATH_SEARCH_PATHS = (
					"$(inherited)",
					"@executable_path/Frameworks",
				);
				MARKETING_VERSION = 1.0;
				PRODUCT_BUNDLE_IDENTIFIER = "Pusmall.ToDoApp-Unit-tests-";
				PRODUCT_NAME = "$(TARGET_NAME)";
				SUPPORTED_PLATFORMS = "iphoneos iphonesimulator";
				SUPPORTS_MACCATALYST = NO;
				SUPPORTS_MAC_DESIGNED_FOR_IPHONE_IPAD = NO;
				SWIFT_EMIT_LOC_STRINGS = YES;
				SWIFT_VERSION = 5.0;
				TARGETED_DEVICE_FAMILY = 1;
			};
			name = Release;
		};
		5B684C342901386E008A2A6C /* Debug */ = {
			isa = XCBuildConfiguration;
			buildSettings = {
				BUNDLE_LOADER = "$(TEST_HOST)";
				CODE_SIGN_STYLE = Automatic;
				CURRENT_PROJECT_VERSION = 1;
				DEVELOPMENT_TEAM = KL9Y7R8H95;
				GENERATE_INFOPLIST_FILE = YES;
				MARKETING_VERSION = 1.0;
				PRODUCT_BUNDLE_IDENTIFIER = "Pusmall.ToDoApp-Unit-tests-Tests";
				PRODUCT_NAME = "$(TARGET_NAME)";
				SWIFT_EMIT_LOC_STRINGS = NO;
				SWIFT_VERSION = 5.0;
				TARGETED_DEVICE_FAMILY = "1,2";
				TEST_HOST = "$(BUILT_PRODUCTS_DIR)/ToDoApp(Unit tests).app/$(BUNDLE_EXECUTABLE_FOLDER_PATH)/ToDoApp(Unit tests)";
			};
			name = Debug;
		};
		5B684C352901386E008A2A6C /* Release */ = {
			isa = XCBuildConfiguration;
			buildSettings = {
				BUNDLE_LOADER = "$(TEST_HOST)";
				CODE_SIGN_STYLE = Automatic;
				CURRENT_PROJECT_VERSION = 1;
				DEVELOPMENT_TEAM = KL9Y7R8H95;
				GENERATE_INFOPLIST_FILE = YES;
				MARKETING_VERSION = 1.0;
				PRODUCT_BUNDLE_IDENTIFIER = "Pusmall.ToDoApp-Unit-tests-Tests";
				PRODUCT_NAME = "$(TARGET_NAME)";
				SWIFT_EMIT_LOC_STRINGS = NO;
				SWIFT_VERSION = 5.0;
				TARGETED_DEVICE_FAMILY = "1,2";
				TEST_HOST = "$(BUILT_PRODUCTS_DIR)/ToDoApp(Unit tests).app/$(BUNDLE_EXECUTABLE_FOLDER_PATH)/ToDoApp(Unit tests)";
			};
			name = Release;
		};
		5B684C432901388D008A2A6C /* Debug */ = {
			isa = XCBuildConfiguration;
			buildSettings = {
				CODE_SIGN_STYLE = Automatic;
				CURRENT_PROJECT_VERSION = 1;
				DEVELOPMENT_TEAM = KL9Y7R8H95;
				GENERATE_INFOPLIST_FILE = YES;
				MARKETING_VERSION = 1.0;
				PRODUCT_BUNDLE_IDENTIFIER = "Pusmall.ToDoApp-Unit-tests-UITests";
				PRODUCT_NAME = "$(TARGET_NAME)";
				SWIFT_EMIT_LOC_STRINGS = NO;
				SWIFT_VERSION = 5.0;
				TARGETED_DEVICE_FAMILY = "1,2";
				TEST_TARGET_NAME = "ToDoApp(Unit tests)";
			};
			name = Debug;
		};
		5B684C442901388D008A2A6C /* Release */ = {
			isa = XCBuildConfiguration;
			buildSettings = {
				CODE_SIGN_STYLE = Automatic;
				CURRENT_PROJECT_VERSION = 1;
				DEVELOPMENT_TEAM = KL9Y7R8H95;
				GENERATE_INFOPLIST_FILE = YES;
				MARKETING_VERSION = 1.0;
				PRODUCT_BUNDLE_IDENTIFIER = "Pusmall.ToDoApp-Unit-tests-UITests";
				PRODUCT_NAME = "$(TARGET_NAME)";
				SWIFT_EMIT_LOC_STRINGS = NO;
				SWIFT_VERSION = 5.0;
				TARGETED_DEVICE_FAMILY = "1,2";
				TEST_TARGET_NAME = "ToDoApp(Unit tests)";
			};
			name = Release;
		};
/* End XCBuildConfiguration section */

/* Begin XCConfigurationList section */
		5B684C0D29013816008A2A6C /* Build configuration list for PBXProject "ToDoApp(Unit tests)" */ = {
			isa = XCConfigurationList;
			buildConfigurations = (
				5B684C2429013817008A2A6C /* Debug */,
				5B684C2529013817008A2A6C /* Release */,
			);
			defaultConfigurationIsVisible = 0;
			defaultConfigurationName = Release;
		};
		5B684C2629013817008A2A6C /* Build configuration list for PBXNativeTarget "ToDoApp(Unit tests)" */ = {
			isa = XCConfigurationList;
			buildConfigurations = (
				5B684C2729013817008A2A6C /* Debug */,
				5B684C2829013817008A2A6C /* Release */,
			);
			defaultConfigurationIsVisible = 0;
			defaultConfigurationName = Release;
		};
		5B684C332901386E008A2A6C /* Build configuration list for PBXNativeTarget "ToDoApp(Unit tests)Tests" */ = {
			isa = XCConfigurationList;
			buildConfigurations = (
				5B684C342901386E008A2A6C /* Debug */,
				5B684C352901386E008A2A6C /* Release */,
			);
			defaultConfigurationIsVisible = 0;
			defaultConfigurationName = Release;
		};
		5B684C422901388D008A2A6C /* Build configuration list for PBXNativeTarget "ToDoApp(Unit tests)UITests" */ = {
			isa = XCConfigurationList;
			buildConfigurations = (
				5B684C432901388D008A2A6C /* Debug */,
				5B684C442901388D008A2A6C /* Release */,
			);
			defaultConfigurationIsVisible = 0;
			defaultConfigurationName = Release;
		};
/* End XCConfigurationList section */
	};
	rootObject = 5B684C0A29013816008A2A6C /* Project object */;
}
